{
  "requires": true,
  "lockfileVersion": 1,
  "dependencies": {
    "react-canvas-js": {
      "version": "1.0.1",
      "resolved": "https://registry.npmjs.org/react-canvas-js/-/react-canvas-js-1.0.1.tgz",
      "integrity": "sha512-rn+CEpdUmybItigZLPcSgecSf0kEWASa15jA3GbVsi9WJ19jngu/OW9+bUkepl5Eiioz0pkIiyny+3sJWcTcZg=="
    }
  }
}
